
Microsoft Visual Studio Solution File, Format Version 12.00
# Visual Studio Version 17
VisualStudioVersion = 17.8.34322.80
MinimumVisualStudioVersion = 10.0.40219.1
Project("{FAE04EC0-301F-11D3-BF4B-00C04F79EFBC}") = "PetlaFor", "PetlaFor\PetlaFor.csproj", "{83916E4C-A7E3-4F54-A09A-A1B17C7AA9F6}"
EndProject
Global
	GlobalSection(SolutionConfigurationPlatforms) = preSolution
		Debug|Any CPU = Debug|Any CPU
		Release|Any CPU = Release|Any CPU
	EndGlobalSection
	GlobalSection(ProjectConfigurationPlatforms) = postSolution
		{83916E4C-A7E3-4F54-A09A-A1B17C7AA9F6}.Debug|Any CPU.ActiveCfg = Debug|Any CPU
		{83916E4C-A7E3-4F54-A09A-A1B17C7AA9F6}.Debug|Any CPU.Build.0 = Debug|Any CPU
		{83916E4C-A7E3-4F54-A09A-A1B17C7AA9F6}.Release|Any CPU.ActiveCfg = Release|Any CPU
		{83916E4C-A7E3-4F54-A09A-A1B17C7AA9F6}.Release|Any CPU.Build.0 = Release|Any CPU
	EndGlobalSection
	GlobalSection(SolutionProperties) = preSolution
		HideSolutionNode = FALSE
	EndGlobalSection
	GlobalSection(ExtensibilityGlobals) = postSolution
		SolutionGuid = {09F0685D-665B-4908-A636-9A7FCE434CA0}
	EndGlobalSection
EndGlobal
